// !$*UTF8*$!
{
	archiveVersion = 1;
	classes = {
	};
	objectVersion = 55;
	objects = {

/* Begin PBXBuildFile section */
		9167A4F627C06F2C006E099D /* Journal2App.swift in Sources */ = {isa = PBXBuildFile; fileRef = 9167A4F527C06F2C006E099D /* Journal2App.swift */; };
		9167A4F827C06F2C006E099D /* ContentView.swift in Sources */ = {isa = PBXBuildFile; fileRef = 9167A4F727C06F2C006E099D /* ContentView.swift */; };
		9167A4FA27C06F2C006E099D /* Assets.xcassets in Resources */ = {isa = PBXBuildFile; fileRef = 9167A4F927C06F2C006E099D /* Assets.xcassets */; };
		9167A4FD27C06F2C006E099D /* Preview Assets.xcassets in Resources */ = {isa = PBXBuildFile; fileRef = 9167A4FC27C06F2C006E099D /* Preview Assets.xcassets */; };
		9167A4FF27C06F2C006E099D /* Persistence.swift in Sources */ = {isa = PBXBuildFile; fileRef = 9167A4FE27C06F2C006E099D /* Persistence.swift */; };
		9167A50227C06F2C006E099D /* Journal2.xcdatamodeld in Sources */ = {isa = PBXBuildFile; fileRef = 9167A50027C06F2C006E099D /* Journal2.xcdatamodeld */; };
		9167A50C27C06F2C006E099D /* Journal2Tests.swift in Sources */ = {isa = PBXBuildFile; fileRef = 9167A50B27C06F2C006E099D /* Journal2Tests.swift */; };
		9167A51627C06F2C006E099D /* Journal2UITests.swift in Sources */ = {isa = PBXBuildFile; fileRef = 9167A51527C06F2C006E099D /* Journal2UITests.swift */; };
		9167A51827C06F2C006E099D /* Journal2UITestsLaunchTests.swift in Sources */ = {isa = PBXBuildFile; fileRef = 9167A51727C06F2C006E099D /* Journal2UITestsLaunchTests.swift */; };
/* End PBXBuildFile section */

/* Begin PBXContainerItemProxy section */
		9167A50827C06F2C006E099D /* PBXContainerItemProxy */ = {
			isa = PBXContainerItemProxy;
			containerPortal = 9167A4EA27C06F2C006E099D /* Project object */;
			proxyType = 1;
			remoteGlobalIDString = 9167A4F127C06F2C006E099D;
			remoteInfo = Journal2;
		};
		9167A51227C06F2C006E099D /* PBXContainerItemProxy */ = {
			isa = PBXContainerItemProxy;
			containerPortal = 9167A4EA27C06F2C006E099D /* Project object */;
			proxyType = 1;
			remoteGlobalIDString = 9167A4F127C06F2C006E099D;
			remoteInfo = Journal2;
		};
/* End PBXContainerItemProxy section */

/* Begin PBXFileReference section */
		9167A4F227C06F2C006E099D /* Journal2.app */ = {isa = PBXFileReference; explicitFileType = wrapper.application; includeInIndex = 0; path = Journal2.app; sourceTree = BUILT_PRODUCTS_DIR; };
		9167A4F527C06F2C006E099D /* Journal2App.swift */ = {isa = PBXFileReference; lastKnownFileType = sourcecode.swift; path = Journal2App.swift; sourceTree = "<group>"; };
		9167A4F727C06F2C006E099D /* ContentView.swift */ = {isa = PBXFileReference; lastKnownFileType = sourcecode.swift; path = ContentView.swift; sourceTree = "<group>"; };
		9167A4F927C06F2C006E099D /* Assets.xcassets */ = {isa = PBXFileReference; lastKnownFileType = folder.assetcatalog; path = Assets.xcassets; sourceTree = "<group>"; };
		9167A4FC27C06F2C006E099D /* Preview Assets.xcassets */ = {isa = PBXFileReference; lastKnownFileType = folder.assetcatalog; path = "Preview Assets.xcassets"; sourceTree = "<group>"; };
		9167A4FE27C06F2C006E099D /* Persistence.swift */ = {isa = PBXFileReference; lastKnownFileType = sourcecode.swift; path = Persistence.swift; sourceTree = "<group>"; };
		9167A50127C06F2C006E099D /* Journal2.xcdatamodel */ = {isa = PBXFileReference; lastKnownFileType = wrapper.xcdatamodel; path = Journal2.xcdatamodel; sourceTree = "<group>"; };
		9167A50727C06F2C006E099D /* Journal2Tests.xctest */ = {isa = PBXFileReference; explicitFileType = wrapper.cfbundle; includeInIndex = 0; path = Journal2Tests.xctest; sourceTree = BUILT_PRODUCTS_DIR; };
		9167A50B27C06F2C006E099D /* Journal2Tests.swift */ = {isa = PBXFileReference; lastKnownFileType = sourcecode.swift; path = Journal2Tests.swift; sourceTree = "<group>"; };
		9167A51127C06F2C006E099D /* Journal2UITests.xctest */ = {isa = PBXFileReference; explicitFileType = wrapper.cfbundle; includeInIndex = 0; path = Journal2UITests.xctest; sourceTree = BUILT_PRODUCTS_DIR; };
		9167A51527C06F2C006E099D /* Journal2UITests.swift */ = {isa = PBXFileReference; lastKnownFileType = sourcecode.swift; path = Journal2UITests.swift; sourceTree = "<group>"; };
		9167A51727C06F2C006E099D /* Journal2UITestsLaunchTests.swift */ = {isa = PBXFileReference; lastKnownFileType = sourcecode.swift; path = Journal2UITestsLaunchTests.swift; sourceTree = "<group>"; };
/* End PBXFileReference section */

/* Begin PBXFrameworksBuildPhase section */
		9167A4EF27C06F2C006E099D /* Frameworks */ = {
			isa = PBXFrameworksBuildPhase;
			buildActionMask = 2147483647;
			files = (
			);
			runOnlyForDeploymentPostprocessing = 0;
		};
		9167A50427C06F2C006E099D /* Frameworks */ = {
			isa = PBXFrameworksBuildPhase;
			buildActionMask = 2147483647;
			files = (
			);
			runOnlyForDeploymentPostprocessing = 0;
		};
		9167A50E27C06F2C006E099D /* Frameworks */ = {
			isa = PBXFrameworksBuildPhase;
			buildActionMask = 2147483647;
			files = (
			);
			runOnlyForDeploymentPostprocessing = 0;
		};
/* End PBXFrameworksBuildPhase section */

/* Begin PBXGroup section */
		9167A4E927C06F2C006E099D = {
			isa = PBXGroup;
			children = (
				9167A4F427C06F2C006E099D /* Journal2 */,
				9167A50A27C06F2C006E099D /* Journal2Tests */,
				9167A51427C06F2C006E099D /* Journal2UITests */,
				9167A4F327C06F2C006E099D /* Products */,
			);
			sourceTree = "<group>";
		};
		9167A4F327C06F2C006E099D /* Products */ = {
			isa = PBXGroup;
			children = (
				9167A4F227C06F2C006E099D /* Journal2.app */,
				9167A50727C06F2C006E099D /* Journal2Tests.xctest */,
				9167A51127C06F2C006E099D /* Journal2UITests.xctest */,
			);
			name = Products;
			sourceTree = "<group>";
		};
		9167A4F427C06F2C006E099D /* Journal2 */ = {
			isa = PBXGroup;
			children = (
				9167A4F527C06F2C006E099D /* Journal2App.swift */,
				9167A4F727C06F2C006E099D /* ContentView.swift */,
				9167A4F927C06F2C006E099D /* Assets.xcassets */,
				9167A4FE27C06F2C006E099D /* Persistence.swift */,
				9167A50027C06F2C006E099D /* Journal2.xcdatamodeld */,
				9167A4FB27C06F2C006E099D /* Preview Content */,
			);
			path = Journal2;
			sourceTree = "<group>";
		};
		9167A4FB27C06F2C006E099D /* Preview Content */ = {
			isa = PBXGroup;
			children = (
				9167A4FC27C06F2C006E099D /* Preview Assets.xcassets */,
			);
			path = "Preview Content";
			sourceTree = "<group>";
		};
		9167A50A27C06F2C006E099D /* Journal2Tests */ = {
			isa = PBXGroup;
			children = (
				9167A50B27C06F2C006E099D /* Journal2Tests.swift */,
			);
			path = Journal2Tests;
			sourceTree = "<group>";
		};
		9167A51427C06F2C006E099D /* Journal2UITests */ = {
			isa = PBXGroup;
			children = (
				9167A51527C06F2C006E099D /* Journal2UITests.swift */,
				9167A51727C06F2C006E099D /* Journal2UITestsLaunchTests.swift */,
			);
			path = Journal2UITests;
			sourceTree = "<group>";
		};
/* End PBXGroup section */

/* Begin PBXNativeTarget section */
		9167A4F127C06F2C006E099D /* Journal2 */ = {
			isa = PBXNativeTarget;
			buildConfigurationList = 9167A51B27C06F2C006E099D /* Build configuration list for PBXNativeTarget "Journal2" */;
			buildPhases = (
				9167A4EE27C06F2C006E099D /* Sources */,
				9167A4EF27C06F2C006E099D /* Frameworks */,
				9167A4F027C06F2C006E099D /* Resources */,
			);
			buildRules = (
			);
			dependencies = (
			);
			name = Journal2;
			productName = Journal2;
			productReference = 9167A4F227C06F2C006E099D /* Journal2.app */;
			productType = "com.apple.product-type.application";
		};
		9167A50627C06F2C006E099D /* Journal2Tests */ = {
			isa = PBXNativeTarget;
			buildConfigurationList = 9167A51E27C06F2C006E099D /* Build configuration list for PBXNativeTarget "Journal2Tests" */;
			buildPhases = (
				9167A50327C06F2C006E099D /* Sources */,
				9167A50427C06F2C006E099D /* Frameworks */,
				9167A50527C06F2C006E099D /* Resources */,
			);
			buildRules = (
			);
			dependencies = (
				9167A50927C06F2C006E099D /* PBXTargetDependency */,
			);
			name = Journal2Tests;
			productName = Journal2Tests;
			productReference = 9167A50727C06F2C006E099D /* Journal2Tests.xctest */;
			productType = "com.apple.product-type.bundle.unit-test";
		};
		9167A51027C06F2C006E099D /* Journal2UITests */ = {
			isa = PBXNativeTarget;
			buildConfigurationList = 9167A52127C06F2C006E099D /* Build configuration list for PBXNativeTarget "Journal2UITests" */;
			buildPhases = (
				9167A50D27C06F2C006E099D /* Sources */,
				9167A50E27C06F2C006E099D /* Frameworks */,
				9167A50F27C06F2C006E099D /* Resources */,
			);
			buildRules = (
			);
			dependencies = (
				9167A51327C06F2C006E099D /* PBXTargetDependency */,
			);
			name = Journal2UITests;
			productName = Journal2UITests;
			productReference = 9167A51127C06F2C006E099D /* Journal2UITests.xctest */;
			productType = "com.apple.product-type.bundle.ui-testing";
		};
/* End PBXNativeTarget section */

/* Begin PBXProject section */
		9167A4EA27C06F2C006E099D /* Project object */ = {
			isa = PBXProject;
			attributes = {
				BuildIndependentTargetsInParallel = 1;
				LastSwiftUpdateCheck = 1320;
				LastUpgradeCheck = 1320;
				TargetAttributes = {
					9167A4F127C06F2C006E099D = {
						CreatedOnToolsVersion = 13.2.1;
					};
					9167A50627C06F2C006E099D = {
						CreatedOnToolsVersion = 13.2.1;
						TestTargetID = 9167A4F127C06F2C006E099D;
					};
					9167A51027C06F2C006E099D = {
						CreatedOnToolsVersion = 13.2.1;
						TestTargetID = 9167A4F127C06F2C006E099D;
					};
				};
			};
			buildConfigurationList = 9167A4ED27C06F2C006E099D /* Build configuration list for PBXProject "Journal2" */;
			compatibilityVersion = "Xcode 13.0";
			developmentRegion = en;
			hasScannedForEncodings = 0;
			knownRegions = (
				en,
				Base,
			);
			mainGroup = 9167A4E927C06F2C006E099D;
			productRefGroup = 9167A4F327C06F2C006E099D /* Products */;
			projectDirPath = "";
			projectRoot = "";
			targets = (
				9167A4F127C06F2C006E099D /* Journal2 */,
				9167A50627C06F2C006E099D /* Journal2Tests */,
				9167A51027C06F2C006E099D /* Journal2UITests */,
			);
		};
/* End PBXProject section */

/* Begin PBXResourcesBuildPhase section */
		9167A4F027C06F2C006E099D /* Resources */ = {
			isa = PBXResourcesBuildPhase;
			buildActionMask = 2147483647;
			files = (
				9167A4FD27C06F2C006E099D /* Preview Assets.xcassets in Resources */,
				9167A4FA27C06F2C006E099D /* Assets.xcassets in Resources */,
			);
			runOnlyForDeploymentPostprocessing = 0;
		};
		9167A50527C06F2C006E099D /* Resources */ = {
			isa = PBXResourcesBuildPhase;
			buildActionMask = 2147483647;
			files = (
			);
			runOnlyForDeploymentPostprocessing = 0;
		};
		9167A50F27C06F2C006E099D /* Resources */ = {
			isa = PBXResourcesBuildPhase;
			buildActionMask = 2147483647;
			files = (
			);
			runOnlyForDeploymentPostprocessing = 0;
		};
/* End PBXResourcesBuildPhase section */

/* Begin PBXSourcesBuildPhase section */
		9167A4EE27C06F2C006E099D /* Sources */ = {
			isa = PBXSourcesBuildPhase;
			buildActionMask = 2147483647;
			files = (
				9167A4FF27C06F2C006E099D /* Persistence.swift in Sources */,
				9167A4F827C06F2C006E099D /* ContentView.swift in Sources */,
				9167A50227C06F2C006E099D /* Journal2.xcdatamodeld in Sources */,
				9167A4F627C06F2C006E099D /* Journal2App.swift in Sources */,
			);
			runOnlyForDeploymentPostprocessing = 0;
		};
		9167A50327C06F2C006E099D /* Sources */ = {
			isa = PBXSourcesBuildPhase;
			buildActionMask = 2147483647;
			files = (
				9167A50C27C06F2C006E099D /* Journal2Tests.swift in Sources */,
			);
			runOnlyForDeploymentPostprocessing = 0;
		};
		9167A50D27C06F2C006E099D /* Sources */ = {
			isa = PBXSourcesBuildPhase;
			buildActionMask = 2147483647;
			files = (
				9167A51827C06F2C006E099D /* Journal2UITestsLaunchTests.swift in Sources */,
				9167A51627C06F2C006E099D /* Journal2UITests.swift in Sources */,
			);
			runOnlyForDeploymentPostprocessing = 0;
		};
/* End PBXSourcesBuildPhase section */

/* Begin PBXTargetDependency section */
		9167A50927C06F2C006E099D /* PBXTargetDependency */ = {
			isa = PBXTargetDependency;
			target = 9167A4F127C06F2C006E099D /* Journal2 */;
			targetProxy = 9167A50827C06F2C006E099D /* PBXContainerItemProxy */;
		};
		9167A51327C06F2C006E099D /* PBXTargetDependency */ = {
			isa = PBXTargetDependency;
			target = 9167A4F127C06F2C006E099D /* Journal2 */;
			targetProxy = 9167A51227C06F2C006E099D /* PBXContainerItemProxy */;
		};
/* End PBXTargetDependency section */

/* Begin XCBuildConfiguration section */
		9167A51927C06F2C006E099D /* Debug */ = {
			isa = XCBuildConfiguration;
			buildSettings = {
				ALWAYS_SEARCH_USER_PATHS = NO;
				CLANG_ANALYZER_NONNULL = YES;
				CLANG_ANALYZER_NUMBER_OBJECT_CONVERSION = YES_AGGRESSIVE;
				CLANG_CXX_LANGUAGE_STANDARD = "gnu++17";
				CLANG_CXX_LIBRARY = "libc++";
				CLANG_ENABLE_MODULES = YES;
				CLANG_ENABLE_OBJC_ARC = YES;
				CLANG_ENABLE_OBJC_WEAK = YES;
				CLANG_WARN_BLOCK_CAPTURE_AUTORELEASING = YES;
				CLANG_WARN_BOOL_CONVERSION = YES;
				CLANG_WARN_COMMA = YES;
				CLANG_WARN_CONSTANT_CONVERSION = YES;
				CLANG_WARN_DEPRECATED_OBJC_IMPLEMENTATIONS = YES;
				CLANG_WARN_DIRECT_OBJC_ISA_USAGE = YES_ERROR;
				CLANG_WARN_DOCUMENTATION_COMMENTS = YES;
				CLANG_WARN_EMPTY_BODY = YES;
				CLANG_WARN_ENUM_CONVERSION = YES;
				CLANG_WARN_INFINITE_RECURSION = YES;
				CLANG_WARN_INT_CONVERSION = YES;
				CLANG_WARN_NON_LITERAL_NULL_CONVERSION = YES;
				CLANG_WARN_OBJC_IMPLICIT_RETAIN_SELF = YES;
				CLANG_WARN_OBJC_LITERAL_CONVERSION = YES;
				CLANG_WARN_OBJC_ROOT_CLASS = YES_ERROR;
				CLANG_WARN_QUOTED_INCLUDE_IN_FRAMEWORK_HEADER = YES;
				CLANG_WARN_RANGE_LOOP_ANALYSIS = YES;
				CLANG_WARN_STRICT_PROTOTYPES = YES;
				CLANG_WARN_SUSPICIOUS_MOVE = YES;
				CLANG_WARN_UNGUARDED_AVAILABILITY = YES_AGGRESSIVE;
				CLANG_WARN_UNREACHABLE_CODE = YES;
				CLANG_WARN__DUPLICATE_METHOD_MATCH = YES;
				COPY_PHASE_STRIP = NO;
				DEBUG_INFORMATION_FORMAT = dwarf;
				ENABLE_STRICT_OBJC_MSGSEND = YES;
				ENABLE_TESTABILITY = YES;
				GCC_C_LANGUAGE_STANDARD = gnu11;
				GCC_DYNAMIC_NO_PIC = NO;
				GCC_NO_COMMON_BLOCKS = YES;
				GCC_OPTIMIZATION_LEVEL = 0;
				GCC_PREPROCESSOR_DEFINITIONS = (
					"DEBUG=1",
					"$(inherited)",
				);
				GCC_WARN_64_TO_32_BIT_CONVERSION = YES;
				GCC_WARN_ABOUT_RETURN_TYPE = YES_ERROR;
				GCC_WARN_UNDECLARED_SELECTOR = YES;
				GCC_WARN_UNINITIALIZED_AUTOS = YES_AGGRESSIVE;
				GCC_WARN_UNUSED_FUNCTION = YES;
				GCC_WARN_UNUSED_VARIABLE = YES;
				IPHONEOS_DEPLOYMENT_TARGET = 15.2;
				MTL_ENABLE_DEBUG_INFO = INCLUDE_SOURCE;
				MTL_FAST_MATH = YES;
				ONLY_ACTIVE_ARCH = YES;
				SDKROOT = iphoneos;
				SWIFT_ACTIVE_COMPILATION_CONDITIONS = DEBUG;
				SWIFT_OPTIMIZATION_LEVEL = "-Onone";
			};
			name = Debug;
		};
		9167A51A27C06F2C006E099D /* Release */ = {
			isa = XCBuildConfiguration;
			buildSettings = {
				ALWAYS_SEARCH_USER_PATHS = NO;
				CLANG_ANALYZER_NONNULL = YES;
				CLANG_ANALYZER_NUMBER_OBJECT_CONVERSION = YES_AGGRESSIVE;
				CLANG_CXX_LANGUAGE_STANDARD = "gnu++17";
				CLANG_CXX_LIBRARY = "libc++";
				CLANG_ENABLE_MODULES = YES;
				CLANG_ENABLE_OBJC_ARC = YES;
				CLANG_ENABLE_OBJC_WEAK = YES;
				CLANG_WARN_BLOCK_CAPTURE_AUTORELEASING = YES;
				CLANG_WARN_BOOL_CONVERSION = YES;
				CLANG_WARN_COMMA = YES;
				CLANG_WARN_CONSTANT_CONVERSION = YES;
				CLANG_WARN_DEPRECATED_OBJC_IMPLEMENTATIONS = YES;
				CLANG_WARN_DIRECT_OBJC_ISA_USAGE = YES_ERROR;
				CLANG_WARN_DOCUMENTATION_COMMENTS = YES;
				CLANG_WARN_EMPTY_BODY = YES;
				CLANG_WARN_ENUM_CONVERSION = YES;
				CLANG_WARN_INFINITE_RECURSION = YES;
				CLANG_WARN_INT_CONVERSION = YES;
				CLANG_WARN_NON_LITERAL_NULL_CONVERSION = YES;
				CLANG_WARN_OBJC_IMPLICIT_RETAIN_SELF = YES;
				CLANG_WARN_OBJC_LITERAL_CONVERSION = YES;
				CLANG_WARN_OBJC_ROOT_CLASS = YES_ERROR;
				CLANG_WARN_QUOTED_INCLUDE_IN_FRAMEWORK_HEADER = YES;
				CLANG_WARN_RANGE_LOOP_ANALYSIS = YES;
				CLANG_WARN_STRICT_PROTOTYPES = YES;
				CLANG_WARN_SUSPICIOUS_MOVE = YES;
				CLANG_WARN_UNGUARDED_AVAILABILITY = YES_AGGRESSIVE;
				CLANG_WARN_UNREACHABLE_CODE = YES;
				CLANG_WARN__DUPLICATE_METHOD_MATCH = YES;
				COPY_PHASE_STRIP = NO;
				DEBUG_INFORMATION_FORMAT = "dwarf-with-dsym";
				ENABLE_NS_ASSERTIONS = NO;
				ENABLE_STRICT_OBJC_MSGSEND = YES;
				GCC_C_LANGUAGE_STANDARD = gnu11;
				GCC_NO_COMMON_BLOCKS = YES;
				GCC_WARN_64_TO_32_BIT_CONVERSION = YES;
				GCC_WARN_ABOUT_RETURN_TYPE = YES_ERROR;
				GCC_WARN_UNDECLARED_SELECTOR = YES;
				GCC_WARN_UNINITIALIZED_AUTOS = YES_AGGRESSIVE;
				GCC_WARN_UNUSED_FUNCTION = YES;
				GCC_WARN_UNUSED_VARIABLE = YES;
				IPHONEOS_DEPLOYMENT_TARGET = 15.2;
				MTL_ENABLE_DEBUG_INFO = NO;
				MTL_FAST_MATH = YES;
				SDKROOT = iphoneos;
				SWIFT_COMPILATION_MODE = wholemodule;
				SWIFT_OPTIMIZATION_LEVEL = "-O";
				VALIDATE_PRODUCT = YES;
			};
			name = Release;
		};
		9167A51C27C06F2C006E099D /* Debug */ = {
			isa = XCBuildConfiguration;
			buildSettings = {
				ASSETCATALOG_COMPILER_APPICON_NAME = AppIcon;
				ASSETCATALOG_COMPILER_GLOBAL_ACCENT_COLOR_NAME = AccentColor;
				CODE_SIGN_STYLE = Automatic;
				CURRENT_PROJECT_VERSION = 1;
				DEVELOPMENT_ASSET_PATHS = "\"Journal2/Preview Content\"";
				DEVELOPMENT_TEAM = SGDBJPAB63;
				ENABLE_PREVIEWS = YES;
				GENERATE_INFOPLIST_FILE = YES;
				INFOPLIST_KEY_UIApplicationSceneManifest_Generation = YES;
				INFOPLIST_KEY_UIApplicationSupportsIndirectInputEvents = YES;
				INFOPLIST_KEY_UILaunchScreen_Generation = YES;
				INFOPLIST_KEY_UISupportedInterfaceOrientations_iPad = "UIInterfaceOrientationPortrait UIInterfaceOrientationPortraitUpsideDown UIInterfaceOrientationLandscapeLeft UIInterfaceOrientationLandscapeRight";
				INFOPLIST_KEY_UISupportedInterfaceOrientations_iPhone = "UIInterfaceOrientationPortrait UIInterfaceOrientationLandscapeLeft UIInterfaceOrientationLandscapeRight";
				LD_RUNPATH_SEARCH_PATHS = (
					"$(inherited)",
					"@executable_path/Frameworks",
				);
				MARKETING_VERSION = 1.0;
				PRODUCT_BUNDLE_IDENTIFIER = Yoon.Journal2;
				PRODUCT_NAME = "$(TARGET_NAME)";
				SWIFT_EMIT_LOC_STRINGS = YES;
				SWIFT_VERSION = 5.0;
				TARGETED_DEVICE_FAMILY = "1,2";
			};
			name = Debug;
		};
		9167A51D27C06F2C006E099D /* Release */ = {
			isa = XCBuildConfiguration;
			buildSettings = {
				ASSETCATALOG_COMPILER_APPICON_NAME = AppIcon;
				ASSETCATALOG_COMPILER_GLOBAL_ACCENT_COLOR_NAME = AccentColor;
				CODE_SIGN_STYLE = Automatic;
				CURRENT_PROJECT_VERSION = 1;
				DEVELOPMENT_ASSET_PATHS = "\"Journal2/Preview Content\"";
				DEVELOPMENT_TEAM = SGDBJPAB63;
				ENABLE_PREVIEWS = YES;
				GENERATE_INFOPLIST_FILE = YES;
				INFOPLIST_KEY_UIApplicationSceneManifest_Generation = YES;
				INFOPLIST_KEY_UIApplicationSupportsIndirectInputEvents = YES;
				INFOPLIST_KEY_UILaunchScreen_Generation = YES;
				INFOPLIST_KEY_UISupportedInterfaceOrientations_iPad = "UIInterfaceOrientationPortrait UIInterfaceOrientationPortraitUpsideDown UIInterfaceOrientationLandscapeLeft UIInterfaceOrientationLandscapeRight";
				INFOPLIST_KEY_UISupportedInterfaceOrientations_iPhone = "UIInterfaceOrientationPortrait UIInterfaceOrientationLandscapeLeft UIInterfaceOrientationLandscapeRight";
				LD_RUNPATH_SEARCH_PATHS = (
					"$(inherited)",
					"@executable_path/Frameworks",
				);
				MARKETING_VERSION = 1.0;
				PRODUCT_BUNDLE_IDENTIFIER = Yoon.Journal2;
				PRODUCT_NAME = "$(TARGET_NAME)";
				SWIFT_EMIT_LOC_STRINGS = YES;
				SWIFT_VERSION = 5.0;
				TARGETED_DEVICE_FAMILY = "1,2";
			};
			name = Release;
		};
		9167A51F27C06F2C006E099D /* Debug */ = {
			isa = XCBuildConfiguration;
			buildSettings = {
				ALWAYS_EMBED_SWIFT_STANDARD_LIBRARIES = YES;
				BUNDLE_LOADER = "$(TEST_HOST)";
				CODE_SIGN_STYLE = Automatic;
				CURRENT_PROJECT_VERSION = 1;
				DEVELOPMENT_TEAM = SGDBJPAB63;
				GENERATE_INFOPLIST_FILE = YES;
				IPHONEOS_DEPLOYMENT_TARGET = 15.2;
				MARKETING_VERSION = 1.0;
				PRODUCT_BUNDLE_IDENTIFIER = Yoon.Journal2Tests;
				PRODUCT_NAME = "$(TARGET_NAME)";
				SWIFT_EMIT_LOC_STRINGS = NO;
				SWIFT_VERSION = 5.0;
				TARGETED_DEVICE_FAMILY = "1,2";
				TEST_HOST = "$(BUILT_PRODUCTS_DIR)/Journal2.app/Journal2";
			};
			name = Debug;
		};
		9167A52027C06F2C006E099D /* Release */ = {
			isa = XCBuildConfiguration;
			buildSettings = {
				ALWAYS_EMBED_SWIFT_STANDARD_LIBRARIES = YES;
				BUNDLE_LOADER = "$(TEST_HOST)";
				CODE_SIGN_STYLE = Automatic;
				CURRENT_PROJECT_VERSION = 1;
				DEVELOPMENT_TEAM = SGDBJPAB63;
				GENERATE_INFOPLIST_FILE = YES;
				IPHONEOS_DEPLOYMENT_TARGET = 15.2;
				MARKETING_VERSION = 1.0;
				PRODUCT_BUNDLE_IDENTIFIER = Yoon.Journal2Tests;
				PRODUCT_NAME = "$(TARGET_NAME)";
				SWIFT_EMIT_LOC_STRINGS = NO;
				SWIFT_VERSION = 5.0;
				TARGETED_DEVICE_FAMILY = "1,2";
				TEST_HOST = "$(BUILT_PRODUCTS_DIR)/Journal2.app/Journal2";
			};
			name = Release;
		};
		9167A52227C06F2C006E099D /* Debug */ = {
			isa = XCBuildConfiguration;
			buildSettings = {
				ALWAYS_EMBED_SWIFT_STANDARD_LIBRARIES = YES;
				CODE_SIGN_STYLE = Automatic;
				CURRENT_PROJECT_VERSION = 1;
				DEVELOPMENT_TEAM = SGDBJPAB63;
				GENERATE_INFOPLIST_FILE = YES;
				MARKETING_VERSION = 1.0;
				PRODUCT_BUNDLE_IDENTIFIER = Yoon.Journal2UITests;
				PRODUCT_NAME = "$(TARGET_NAME)";
				SWIFT_EMIT_LOC_STRINGS = NO;
				SWIFT_VERSION = 5.0;
				TARGETED_DEVICE_FAMILY = "1,2";
				TEST_TARGET_NAME = Journal2;
			};
			name = Debug;
		};
		9167A52327C06F2C006E099D /* Release */ = {
			isa = XCBuildConfiguration;
			buildSettings = {
				ALWAYS_EMBED_SWIFT_STANDARD_LIBRARIES = YES;
				CODE_SIGN_STYLE = Automatic;
				CURRENT_PROJECT_VERSION = 1;
				DEVELOPMENT_TEAM = SGDBJPAB63;
				GENERATE_INFOPLIST_FILE = YES;
				MARKETING_VERSION = 1.0;
				PRODUCT_BUNDLE_IDENTIFIER = Yoon.Journal2UITests;
				PRODUCT_NAME = "$(TARGET_NAME)";
				SWIFT_EMIT_LOC_STRINGS = NO;
				SWIFT_VERSION = 5.0;
				TARGETED_DEVICE_FAMILY = "1,2";
				TEST_TARGET_NAME = Journal2;
			};
			name = Release;
		};
/* End XCBuildConfiguration section */

/* Begin XCConfigurationList section */
		9167A4ED27C06F2C006E099D /* Build configuration list for PBXProject "Journal2" */ = {
			isa = XCConfigurationList;
			buildConfigurations = (
				9167A51927C06F2C006E099D /* Debug */,
				9167A51A27C06F2C006E099D /* Release */,
			);
			defaultConfigurationIsVisible = 0;
			defaultConfigurationName = Release;
		};
		9167A51B27C06F2C006E099D /* Build configuration list for PBXNativeTarget "Journal2" */ = {
			isa = XCConfigurationList;
			buildConfigurations = (
				9167A51C27C06F2C006E099D /* Debug */,
				9167A51D27C06F2C006E099D /* Release */,
			);
			defaultConfigurationIsVisible = 0;
			defaultConfigurationName = Release;
		};
		9167A51E27C06F2C006E099D /* Build configuration list for PBXNativeTarget "Journal2Tests" */ = {
			isa = XCConfigurationList;
			buildConfigurations = (
				9167A51F27C06F2C006E099D /* Debug */,
				9167A52027C06F2C006E099D /* Release */,
			);
			defaultConfigurationIsVisible = 0;
			defaultConfigurationName = Release;
		};
		9167A52127C06F2C006E099D /* Build configuration list for PBXNativeTarget "Journal2UITests" */ = {
			isa = XCConfigurationList;
			buildConfigurations = (
				9167A52227C06F2C006E099D /* Debug */,
				9167A52327C06F2C006E099D /* Release */,
			);
			defaultConfigurationIsVisible = 0;
			defaultConfigurationName = Release;
		};
/* End XCConfigurationList section */

/* Begin XCVersionGroup section */
		9167A50027C06F2C006E099D /* Journal2.xcdatamodeld */ = {
			isa = XCVersionGroup;
			children = (
				9167A50127C06F2C006E099D /* Journal2.xcdatamodel */,
			);
			currentVersion = 9167A50127C06F2C006E099D /* Journal2.xcdatamodel */;
			path = Journal2.xcdatamodeld;
			sourceTree = "<group>";
			versionGroupType = wrapper.xcdatamodel;
		};
/* End XCVersionGroup section */
	};
	rootObject = 9167A4EA27C06F2C006E099D /* Project object */;
}
